
Microsoft Visual Studio Solution File, Format Version 12.00
# Visual Studio Version 17
VisualStudioVersion = 17.11.35219.272
MinimumVisualStudioVersion = 10.0.40219.1
Project("{FAE04EC0-301F-11D3-BF4B-00C04F79EFBC}") = "Inlämnings uppgift 1", "Inlämnings uppgift 1\Inlämnings uppgift 1.csproj", "{55A33D61-58B2-44AE-916E-1CD74962BDF5}"
EndProject
Global
	GlobalSection(SolutionConfigurationPlatforms) = preSolution
		Debug|Any CPU = Debug|Any CPU
		Release|Any CPU = Release|Any CPU
	EndGlobalSection
	GlobalSection(ProjectConfigurationPlatforms) = postSolution
		{55A33D61-58B2-44AE-916E-1CD74962BDF5}.Debug|Any CPU.ActiveCfg = Debug|Any CPU
		{55A33D61-58B2-44AE-916E-1CD74962BDF5}.Debug|Any CPU.Build.0 = Debug|Any CPU
		{55A33D61-58B2-44AE-916E-1CD74962BDF5}.Release|Any CPU.ActiveCfg = Release|Any CPU
		{55A33D61-58B2-44AE-916E-1CD74962BDF5}.Release|Any CPU.Build.0 = Release|Any CPU
	EndGlobalSection
	GlobalSection(SolutionProperties) = preSolution
		HideSolutionNode = FALSE
	EndGlobalSection
	GlobalSection(ExtensibilityGlobals) = postSolution
		SolutionGuid = {2397F461-F8E6-4BEF-87A2-7AF7B5E12DE9}
	EndGlobalSection
EndGlobal
